
Microsoft Visual Studio Solution File, Format Version 12.00
# Visual Studio Version 16
VisualStudioVersion = 16.0.31829.152
MinimumVisualStudioVersion = 10.0.40219.1
Project("{FAE04EC0-301F-11D3-BF4B-00C04F79EFBC}") = "PhoneBookCore", "PhoneBookCore\PhoneBookCore.csproj", "{905C7428-C715-488F-BAF8-A58FB332D8EB}"
EndProject
Global
	GlobalSection(SolutionConfigurationPlatforms) = preSolution
		Debug|Any CPU = Debug|Any CPU
		Release|Any CPU = Release|Any CPU
	EndGlobalSection
	GlobalSection(ProjectConfigurationPlatforms) = postSolution
		{905C7428-C715-488F-BAF8-A58FB332D8EB}.Debug|Any CPU.ActiveCfg = Debug|Any CPU
		{905C7428-C715-488F-BAF8-A58FB332D8EB}.Debug|Any CPU.Build.0 = Debug|Any CPU
		{905C7428-C715-488F-BAF8-A58FB332D8EB}.Release|Any CPU.ActiveCfg = Release|Any CPU
		{905C7428-C715-488F-BAF8-A58FB332D8EB}.Release|Any CPU.Build.0 = Release|Any CPU
	EndGlobalSection
	GlobalSection(SolutionProperties) = preSolution
		HideSolutionNode = FALSE
	EndGlobalSection
	GlobalSection(ExtensibilityGlobals) = postSolution
		SolutionGuid = {881BAC76-FBEB-4316-A397-699F72CF07EC}
	EndGlobalSection
EndGlobal
